<?xml version="1.0" encoding="utf-8"?>
<Project ToolsVersion="4.0" xmlns="http://schemas.microsoft.com/developer/msbuild/2003">
  <ItemGroup>
    <Filter Include="src">
      <UniqueIdentifier>{02d006f2-cc82-4f20-b9bd-148397c647b3}</UniqueIdentifier>
    </Filter>
  </ItemGroup>
  <ItemGroup>
    <ClCompile Include="..\..\..\examples\example2\src\client.cpp">
      <Filter>src</Filter>
    </ClCompile>
    <ClCompile Include="..\..\..\examples\example2\src\remote_service.cpp">
      <Filter>src</Filter>
    </ClCompile>
  </ItemGroup>
  <ItemGroup>
    <ClInclude Include="..\..\..\examples\example2\src\remote_service.hpp">
      <Filter>src</Filter>
    </ClInclude>
    <ClInclude Include="..\..\..\examples\example2\src\person.hpp">
      <Filter>src</Filter>
    </ClInclude>
  </ItemGroup>
</Project>