<?xml version="1.0" encoding="utf-8"?>
<Project ToolsVersion="4.0" xmlns="http://schemas.microsoft.com/developer/msbuild/2003">
  <ItemGroup>
    <Filter Include="src">
      <UniqueIdentifier>{4f280fd0-9b7c-4079-be4e-04c6030c7ff7}</UniqueIdentifier>
    </Filter>
  </ItemGroup>
  <ItemGroup>
    <ClCompile Include="..\..\..\examples\example5\src\client.cpp">
      <Filter>src</Filter>
    </ClCompile>
    <ClCompile Include="..\..\..\examples\example5\src\remote_factory.cpp">
      <Filter>src</Filter>
    </ClCompile>
    <ClCompile Include="..\..\..\examples\example5\src\remote_player.cpp">
      <Filter>src</Filter>
    </ClCompile>
  </ItemGroup>
  <ItemGroup>
    <ClInclude Include="..\..\..\examples\example5\src\remote_factory.hpp">
      <Filter>src</Filter>
    </ClInclude>
    <ClInclude Include="..\..\..\examples\example5\src\remote_player.hpp">
      <Filter>src</Filter>
    </ClInclude>
  </ItemGroup>
</Project>