<?xml version="1.0" encoding="utf-8"?>
<Project ToolsVersion="4.0" xmlns="http://schemas.microsoft.com/developer/msbuild/2003">
  <ItemGroup>
    <Filter Include="src">
      <UniqueIdentifier>{6c3c338d-a56a-45d3-87b6-a87a6a558321}</UniqueIdentifier>
    </Filter>
  </ItemGroup>
  <ItemGroup>
    <ClInclude Include="..\..\..\examples\example5\src\factory_adaptor.hpp">
      <Filter>src</Filter>
    </ClInclude>
    <ClInclude Include="..\..\..\examples\example5\src\model.hpp">
      <Filter>src</Filter>
    </ClInclude>
    <ClInclude Include="..\..\..\examples\example5\src\remote_factory.hpp">
      <Filter>src</Filter>
    </ClInclude>
    <ClInclude Include="..\..\..\examples\example5\src\remote_player.hpp">
      <Filter>src</Filter>
    </ClInclude>
  </ItemGroup>
  <ItemGroup>
    <ClCompile Include="..\..\..\examples\example5\src\remote_factory.cpp">
      <Filter>src</Filter>
    </ClCompile>
    <ClCompile Include="..\..\..\examples\example5\src\remote_player.cpp">
      <Filter>src</Filter>
    </ClCompile>
    <ClCompile Include="..\..\..\examples\example5\src\server.cpp">
      <Filter>src</Filter>
    </ClCompile>
  </ItemGroup>
</Project>