<?xml version="1.0" encoding="utf-8"?>
<Project ToolsVersion="4.0" xmlns="http://schemas.microsoft.com/developer/msbuild/2003">
  <ItemGroup>
    <Filter Include="src">
      <UniqueIdentifier>{e018ca62-2c97-4422-afa5-79536a246450}</UniqueIdentifier>
    </Filter>
  </ItemGroup>
  <ItemGroup>
    <ClCompile Include="..\..\..\examples\example1\src\client.cpp">
      <Filter>src</Filter>
    </ClCompile>
    <ClCompile Include="..\..\..\examples\example1\src\remote_player.cpp">
      <Filter>src</Filter>
    </ClCompile>
  </ItemGroup>
  <ItemGroup>
    <ClInclude Include="..\..\..\examples\example1\src\remote_player.hpp">
      <Filter>src</Filter>
    </ClInclude>
  </ItemGroup>
</Project>