<?xml version="1.0" encoding="utf-8"?>
<Project ToolsVersion="4.0" xmlns="http://schemas.microsoft.com/developer/msbuild/2003">
  <ItemGroup>
    <Filter Include="src">
      <UniqueIdentifier>{fc11c8ac-5a89-471f-914f-b4283740c5d6}</UniqueIdentifier>
    </Filter>
  </ItemGroup>
  <ItemGroup>
    <ClInclude Include="..\..\..\examples\example1\src\audio_player.hpp">
      <Filter>src</Filter>
    </ClInclude>
    <ClInclude Include="..\..\..\examples\example1\src\remote_player.hpp">
      <Filter>src</Filter>
    </ClInclude>
  </ItemGroup>
  <ItemGroup>
    <ClCompile Include="..\..\..\examples\example1\src\remote_player.cpp">
      <Filter>src</Filter>
    </ClCompile>
    <ClCompile Include="..\..\..\examples\example1\src\server.cpp">
      <Filter>src</Filter>
    </ClCompile>
  </ItemGroup>
</Project>