<?xml version="1.0" encoding="UTF-8" standalone="yes" ?>
<CodeBlocks_project_file>
	<FileVersion major="1" minor="6" />
	<Project>
		<Option title="Client" />
		<Option pch_mode="2" />
		<Option compiler="gcc" />
		<Build>
			<Target title="Debug">
				<Option output="bin/Debug/Client" prefix_auto="1" extension_auto="1" />
				<Option object_output="obj/Debug/" />
				<Option type="1" />
				<Option compiler="gcc" />
				<Compiler>
					<Add option="-g" />
					<Add option="-D_DEBUG" />
					<Add option="-DDEBUG" />
				</Compiler>
				<Linker>
					<Add library="..\bin\Debug\libremote.a" />
					<Add library="boost_serialization-mgw47-mt-d-1_50" />
					<Add library="boost_thread-mgw47-mt-d-1_50" />
					<Add library="boost_system-mgw47-mt-d-1_50" />
					<Add library="boost_chrono-mgw47-mt-d-1_50" />
					<Add library="ws2_32" />
					<Add library="mswsock" />
				</Linker>
			</Target>
			<Target title="Release">
				<Option output="bin/Release/Client" prefix_auto="1" extension_auto="1" />
				<Option object_output="obj/Release/" />
				<Option type="1" />
				<Option compiler="gcc" />
				<Compiler>
					<Add option="-O3" />
					<Add option="-fno-strict-aliasing" />
					<Add option="-DNDEBUG" />
				</Compiler>
				<Linker>
					<Add option="-s" />
					<Add library="..\bin\Release\libremote.a" />
					<Add library="boost_serialization-mgw47-mt-1_50" />
					<Add library="boost_thread-mgw47-mt-1_50" />
					<Add library="boost_system-mgw47-mt-1_50" />
					<Add library="boost_chrono-mgw47-mt-1_50" />
					<Add library="ws2_32" />
					<Add library="mswsock" />
				</Linker>
			</Target>
			<Target title="ReleaseMin">
				<Option output="bin/ReleaseMin/Client" prefix_auto="1" extension_auto="1" />
				<Option object_output="obj/ReleaseMin/" />
				<Option type="1" />
				<Option compiler="gcc" />
				<Compiler>
					<Add option="-O3" />
					<Add option="-fno-strict-aliasing" />
					<Add option="-DNDEBUG" />
					<Add option="-DREMOTE_USER_REGISTER_ARCHIVE" />
				</Compiler>
				<Linker>
					<Add option="-s" />
					<Add library="..\bin\ReleaseMin\libremote.a" />
					<Add library="boost_serialization-mgw47-mt-1_50" />
					<Add library="boost_thread-mgw47-mt-1_50" />
					<Add library="boost_system-mgw47-mt-1_50" />
					<Add library="boost_chrono-mgw47-mt-1_50" />
					<Add library="ws2_32" />
					<Add library="mswsock" />
				</Linker>
			</Target>
		</Build>
		<Compiler>
			<Add option="-Wall" />
			<Add option="-fexceptions" />
			<Add option="-D_WIN32_WINNT=0x0501" />
			<Add option="-DBOOST_THREAD_USE_LIB" />
			<Add option="-DASIO_ENABLE_CANCELIO" />
			<Add directory="../../../include" />
		</Compiler>
		<Unit filename="../../../examples/example3/src/session_info.hpp" />
		<Unit filename="../../../examples/example3/src/info_service.hpp" />
		<Unit filename="../../../examples/example3/src/info_service.cpp" />
		<Unit filename="../../../examples/example3/src/remote_ac.hpp" />
		<Unit filename="../../../examples/example3/src/remote_ac.cpp" />
		<Unit filename="../../../examples/example3/src/remote_player.hpp" />
		<Unit filename="../../../examples/example3/src/remote_player.cpp" />
		<Unit filename="../../../examples/example3/src/client.cpp" />
		<Extensions>
			<code_completion />
			<envvars />
			<debugger />
		</Extensions>
	</Project>
</CodeBlocks_project_file>
