<?xml version="1.0" encoding="utf-8"?>
<Project ToolsVersion="4.0" xmlns="http://schemas.microsoft.com/developer/msbuild/2003">
  <ItemGroup>
    <Filter Include="src">
      <UniqueIdentifier>{57efad5e-cf7b-4fab-a261-4790769bad53}</UniqueIdentifier>
    </Filter>
  </ItemGroup>
  <ItemGroup>
    <ClCompile Include="..\..\..\examples\example3\src\info_service.cpp">
      <Filter>src</Filter>
    </ClCompile>
    <ClCompile Include="..\..\..\examples\example3\src\remote_ac.cpp">
      <Filter>src</Filter>
    </ClCompile>
    <ClCompile Include="..\..\..\examples\example3\src\remote_player.cpp">
      <Filter>src</Filter>
    </ClCompile>
    <ClCompile Include="..\..\..\examples\example3\src\server.cpp">
      <Filter>src</Filter>
    </ClCompile>
  </ItemGroup>
  <ItemGroup>
    <ClInclude Include="..\..\..\examples\example3\src\info_service.hpp">
      <Filter>src</Filter>
    </ClInclude>
    <ClInclude Include="..\..\..\examples\example3\src\model.hpp">
      <Filter>src</Filter>
    </ClInclude>
    <ClInclude Include="..\..\..\examples\example3\src\remote_ac.hpp">
      <Filter>src</Filter>
    </ClInclude>
    <ClInclude Include="..\..\..\examples\example3\src\remote_player.hpp">
      <Filter>src</Filter>
    </ClInclude>
  </ItemGroup>
</Project>